
Microsoft Visual Studio Solution File, Format Version 12.00
# Visual Studio Version 17
VisualStudioVersion = 17.0.31903.59
MinimumVisualStudioVersion = 10.0.40219.1
Project("{2150E333-8FDC-42A3-9474-1A3956D46DE8}") = "src", "src", "{74EC0A69-674D-48EB-8F81-C2198FA04D9C}"
EndProject
Project("{FAE04EC0-301F-11D3-BF4B-00C04F79EFBC}") = "SimpleApi", "src\SimpleApi\SimpleApi.csproj", "{4CB279F7-2527-4D99-89C3-83D7541AFDAB}"
EndProject
Project("{2150E333-8FDC-42A3-9474-1A3956D46DE8}") = "test", "test", "{D4AA0D19-338C-48B6-A93B-B3D1DD9DCAAB}"
EndProject
Project("{FAE04EC0-301F-11D3-BF4B-00C04F79EFBC}") = "SimpleApi.Tests", "test\SimpleApi.Tests\SimpleApi.Tests.csproj", "{19249F00-0F53-45CD-A6F4-8361BBAA3856}"
EndProject
Global
	GlobalSection(SolutionConfigurationPlatforms) = preSolution
		Debug|Any CPU = Debug|Any CPU
		Release|Any CPU = Release|Any CPU
	EndGlobalSection
	GlobalSection(SolutionProperties) = preSolution
		HideSolutionNode = FALSE
	EndGlobalSection
	GlobalSection(ProjectConfigurationPlatforms) = postSolution
		{4CB279F7-2527-4D99-89C3-83D7541AFDAB}.Debug|Any CPU.ActiveCfg = Debug|Any CPU
		{4CB279F7-2527-4D99-89C3-83D7541AFDAB}.Debug|Any CPU.Build.0 = Debug|Any CPU
		{4CB279F7-2527-4D99-89C3-83D7541AFDAB}.Release|Any CPU.ActiveCfg = Release|Any CPU
		{4CB279F7-2527-4D99-89C3-83D7541AFDAB}.Release|Any CPU.Build.0 = Release|Any CPU
		{19249F00-0F53-45CD-A6F4-8361BBAA3856}.Debug|Any CPU.ActiveCfg = Debug|Any CPU
		{19249F00-0F53-45CD-A6F4-8361BBAA3856}.Debug|Any CPU.Build.0 = Debug|Any CPU
		{19249F00-0F53-45CD-A6F4-8361BBAA3856}.Release|Any CPU.ActiveCfg = Release|Any CPU
		{19249F00-0F53-45CD-A6F4-8361BBAA3856}.Release|Any CPU.Build.0 = Release|Any CPU
	EndGlobalSection
	GlobalSection(NestedProjects) = preSolution
		{4CB279F7-2527-4D99-89C3-83D7541AFDAB} = {74EC0A69-674D-48EB-8F81-C2198FA04D9C}
		{19249F00-0F53-45CD-A6F4-8361BBAA3856} = {D4AA0D19-338C-48B6-A93B-B3D1DD9DCAAB}
	EndGlobalSection
EndGlobal
